<?xml version="1.0" encoding="utf-8"?>
<Project ToolsVersion="4.0" xmlns="http://schemas.microsoft.com/developer/msbuild/2003">
  <ItemGroup>
    <Filter Include="Resource Files">
      <UniqueIdentifier>{67DA6AB6-F800-4c08-8B7A-83BB121AAD01}</UniqueIdentifier>
      <Extensions>rc;ico;cur;bmp;dlg;rc2;rct;bin;rgs;gif;jpg;jpeg;jpe;resx;tiff;tif;png;wav;mfcribbon-ms</Extensions>
    </Filter>
    <Filter Include="crazygaze">
      <UniqueIdentifier>{b7c998bd-d77b-433c-af75-03ff749b962e}</UniqueIdentifier>
    </Filter>
    <Filter Include="crazygaze\rpc">
      <UniqueIdentifier>{4eabe0e0-cd39-40f5-8e85-b6ce171669b1}</UniqueIdentifier>
    </Filter>
  </ItemGroup>
  <ItemGroup>
    <ClInclude Include="crazygaze\rpc\RPCGenerate.h">
      <Filter>crazygaze\rpc</Filter>
    </ClInclude>
    <ClInclude Include="crazygaze\rpc\RPCParamTraits.h">
      <Filter>crazygaze\rpc</Filter>
    </ClInclude>
    <ClInclude Include="crazygaze\rpc\RPCProcessor.h">
      <Filter>crazygaze\rpc</Filter>
    </ClInclude>
    <ClInclude Include="crazygaze\rpc\RPCStream.h">
      <Filter>crazygaze\rpc</Filter>
    </ClInclude>
    <ClInclude Include="crazygaze\rpc\RPCTable.h">
      <Filter>crazygaze\rpc</Filter>
    </ClInclude>
    <ClInclude Include="crazygaze\rpc\RPCTransport.h">
      <Filter>crazygaze\rpc</Filter>
    </ClInclude>
    <ClInclude Include="crazygaze\rpc\RPCUtils.h">
      <Filter>crazygaze\rpc</Filter>
    </ClInclude>
    <ClInclude Include="crazygaze\rpc\RPCAsioTransport.h">
      <Filter>crazygaze\rpc</Filter>
    </ClInclude>
    <ClInclude Include="crazygaze\rpc\RPCConnection.h">
      <Filter>crazygaze\rpc</Filter>
    </ClInclude>
    <ClInclude Include="crazygaze\rpc\RPCCallstack.h">
      <Filter>crazygaze\rpc</Filter>
    </ClInclude>
    <ClInclude Include="crazygaze\rpc\RPCExpected.h">
      <Filter>crazygaze\rpc</Filter>
    </ClInclude>
    <ClInclude Include="crazygaze\rpc\RPC.h">
      <Filter>crazygaze\rpc</Filter>
    </ClInclude>
    <ClInclude Include="crazygaze\rpc\RPCReply.h" />
    <ClInclude Include="crazygaze\rpc\RPCResult.h">
      <Filter>crazygaze\rpc</Filter>
    </ClInclude>
  </ItemGroup>
</Project>